// !$*UTF8*$!
{
	archiveVersion = 1;
	classes = {
	};
	objectVersion = 50;
	objects = {

/* Begin PBXBuildFile section */
		EE47EAE4236A822B0027C78E /* InfoView.swift in Sources */ = {isa = PBXBuildFile; fileRef = EE47EAE3236A822B0027C78E /* InfoView.swift */; };
		EE47EAE6236A84B00027C78E /* MainView.swift in Sources */ = {isa = PBXBuildFile; fileRef = EE47EAE5236A84B00027C78E /* MainView.swift */; };
		EE5D1C2C236DE5D30068A836 /* sleep.png in Resources */ = {isa = PBXBuildFile; fileRef = EE5D1C2B236DE5D30068A836 /* sleep.png */; };
		EE5D1C2E236DEA380068A836 /* NewsBoxIView.swift in Sources */ = {isa = PBXBuildFile; fileRef = EE5D1C2D236DEA380068A836 /* NewsBoxIView.swift */; };
		EE5D1C30236E75D20068A836 /* HostingController.swift in Sources */ = {isa = PBXBuildFile; fileRef = EE5D1C2F236E75D20068A836 /* HostingController.swift */; };
		EECB848D2361391C00D3BFE9 /* AppDelegate.swift in Sources */ = {isa = PBXBuildFile; fileRef = EECB848C2361391C00D3BFE9 /* AppDelegate.swift */; };
		EECB848F2361391C00D3BFE9 /* SceneDelegate.swift in Sources */ = {isa = PBXBuildFile; fileRef = EECB848E2361391C00D3BFE9 /* SceneDelegate.swift */; };
		EECB84912361391C00D3BFE9 /* ContentView.swift in Sources */ = {isa = PBXBuildFile; fileRef = EECB84902361391C00D3BFE9 /* ContentView.swift */; };
		EECB84932361391D00D3BFE9 /* Assets.xcassets in Resources */ = {isa = PBXBuildFile; fileRef = EECB84922361391D00D3BFE9 /* Assets.xcassets */; };
		EECB84962361391D00D3BFE9 /* Preview Assets.xcassets in Resources */ = {isa = PBXBuildFile; fileRef = EECB84952361391D00D3BFE9 /* Preview Assets.xcassets */; };
		EECB84992361391D00D3BFE9 /* LaunchScreen.storyboard in Resources */ = {isa = PBXBuildFile; fileRef = EECB84972361391D00D3BFE9 /* LaunchScreen.storyboard */; };
		EECB84A42361391D00D3BFE9 /* antisiPhoneTests.swift in Sources */ = {isa = PBXBuildFile; fileRef = EECB84A32361391D00D3BFE9 /* antisiPhoneTests.swift */; };
		EECB84AF2361391D00D3BFE9 /* antisiPhoneUITests.swift in Sources */ = {isa = PBXBuildFile; fileRef = EECB84AE2361391D00D3BFE9 /* antisiPhoneUITests.swift */; };
/* End PBXBuildFile section */

/* Begin PBXContainerItemProxy section */
		EECB84A02361391D00D3BFE9 /* PBXContainerItemProxy */ = {
			isa = PBXContainerItemProxy;
			containerPortal = EECB84812361391B00D3BFE9 /* Project object */;
			proxyType = 1;
			remoteGlobalIDString = EECB84882361391B00D3BFE9;
			remoteInfo = antisiPhone;
		};
		EECB84AB2361391D00D3BFE9 /* PBXContainerItemProxy */ = {
			isa = PBXContainerItemProxy;
			containerPortal = EECB84812361391B00D3BFE9 /* Project object */;
			proxyType = 1;
			remoteGlobalIDString = EECB84882361391B00D3BFE9;
			remoteInfo = antisiPhone;
		};
/* End PBXContainerItemProxy section */

/* Begin PBXFileReference section */
		EE47EAE3236A822B0027C78E /* InfoView.swift */ = {isa = PBXFileReference; lastKnownFileType = sourcecode.swift; path = InfoView.swift; sourceTree = "<group>"; };
		EE47EAE5236A84B00027C78E /* MainView.swift */ = {isa = PBXFileReference; lastKnownFileType = sourcecode.swift; path = MainView.swift; sourceTree = "<group>"; };
		EE5D1C2B236DE5D30068A836 /* sleep.png */ = {isa = PBXFileReference; lastKnownFileType = image.png; name = sleep.png; path = ../../../Downloads/sleep.png; sourceTree = "<group>"; };
		EE5D1C2D236DEA380068A836 /* NewsBoxIView.swift */ = {isa = PBXFileReference; lastKnownFileType = sourcecode.swift; path = NewsBoxIView.swift; sourceTree = "<group>"; };
		EE5D1C2F236E75D20068A836 /* HostingController.swift */ = {isa = PBXFileReference; lastKnownFileType = sourcecode.swift; path = HostingController.swift; sourceTree = "<group>"; };
		EECB84892361391C00D3BFE9 /* antisiPhone.app */ = {isa = PBXFileReference; explicitFileType = wrapper.application; includeInIndex = 0; path = antisiPhone.app; sourceTree = BUILT_PRODUCTS_DIR; };
		EECB848C2361391C00D3BFE9 /* AppDelegate.swift */ = {isa = PBXFileReference; lastKnownFileType = sourcecode.swift; path = AppDelegate.swift; sourceTree = "<group>"; };
		EECB848E2361391C00D3BFE9 /* SceneDelegate.swift */ = {isa = PBXFileReference; lastKnownFileType = sourcecode.swift; path = SceneDelegate.swift; sourceTree = "<group>"; };
		EECB84902361391C00D3BFE9 /* ContentView.swift */ = {isa = PBXFileReference; lastKnownFileType = sourcecode.swift; path = ContentView.swift; sourceTree = "<group>"; };
		EECB84922361391D00D3BFE9 /* Assets.xcassets */ = {isa = PBXFileReference; lastKnownFileType = folder.assetcatalog; path = Assets.xcassets; sourceTree = "<group>"; };
		EECB84952361391D00D3BFE9 /* Preview Assets.xcassets */ = {isa = PBXFileReference; lastKnownFileType = folder.assetcatalog; path = "Preview Assets.xcassets"; sourceTree = "<group>"; };
		EECB84982361391D00D3BFE9 /* Base */ = {isa = PBXFileReference; lastKnownFileType = file.storyboard; name = Base; path = Base.lproj/LaunchScreen.storyboard; sourceTree = "<group>"; };
		EECB849A2361391D00D3BFE9 /* Info.plist */ = {isa = PBXFileReference; lastKnownFileType = text.plist.xml; path = Info.plist; sourceTree = "<group>"; };
		EECB849F2361391D00D3BFE9 /* antisiPhoneTests.xctest */ = {isa = PBXFileReference; explicitFileType = wrapper.cfbundle; includeInIndex = 0; path = antisiPhoneTests.xctest; sourceTree = BUILT_PRODUCTS_DIR; };
		EECB84A32361391D00D3BFE9 /* antisiPhoneTests.swift */ = {isa = PBXFileReference; lastKnownFileType = sourcecode.swift; path = antisiPhoneTests.swift; sourceTree = "<group>"; };
		EECB84A52361391D00D3BFE9 /* Info.plist */ = {isa = PBXFileReference; lastKnownFileType = text.plist.xml; path = Info.plist; sourceTree = "<group>"; };
		EECB84AA2361391D00D3BFE9 /* antisiPhoneUITests.xctest */ = {isa = PBXFileReference; explicitFileType = wrapper.cfbundle; includeInIndex = 0; path = antisiPhoneUITests.xctest; sourceTree = BUILT_PRODUCTS_DIR; };
		EECB84AE2361391D00D3BFE9 /* antisiPhoneUITests.swift */ = {isa = PBXFileReference; lastKnownFileType = sourcecode.swift; path = antisiPhoneUITests.swift; sourceTree = "<group>"; };
		EECB84B02361391D00D3BFE9 /* Info.plist */ = {isa = PBXFileReference; lastKnownFileType = text.plist.xml; path = Info.plist; sourceTree = "<group>"; };
/* End PBXFileReference section */

/* Begin PBXFrameworksBuildPhase section */
		EECB84862361391B00D3BFE9 /* Frameworks */ = {
			isa = PBXFrameworksBuildPhase;
			buildActionMask = 2147483647;
			files = (
			);
			runOnlyForDeploymentPostprocessing = 0;
		};
		EECB849C2361391D00D3BFE9 /* Frameworks */ = {
			isa = PBXFrameworksBuildPhase;
			buildActionMask = 2147483647;
			files = (
			);
			runOnlyForDeploymentPostprocessing = 0;
		};
		EECB84A72361391D00D3BFE9 /* Frameworks */ = {
			isa = PBXFrameworksBuildPhase;
			buildActionMask = 2147483647;
			files = (
			);
			runOnlyForDeploymentPostprocessing = 0;
		};
/* End PBXFrameworksBuildPhase section */

/* Begin PBXGroup section */
		EECB84802361391B00D3BFE9 = {
			isa = PBXGroup;
			children = (
				EECB848B2361391C00D3BFE9 /* antisiPhone */,
				EECB84A22361391D00D3BFE9 /* antisiPhoneTests */,
				EECB84AD2361391D00D3BFE9 /* antisiPhoneUITests */,
				EECB848A2361391C00D3BFE9 /* Products */,
			);
			sourceTree = "<group>";
		};
		EECB848A2361391C00D3BFE9 /* Products */ = {
			isa = PBXGroup;
			children = (
				EECB84892361391C00D3BFE9 /* antisiPhone.app */,
				EECB849F2361391D00D3BFE9 /* antisiPhoneTests.xctest */,
				EECB84AA2361391D00D3BFE9 /* antisiPhoneUITests.xctest */,
			);
			name = Products;
			sourceTree = "<group>";
		};
		EECB848B2361391C00D3BFE9 /* antisiPhone */ = {
			isa = PBXGroup;
			children = (
				EECB848C2361391C00D3BFE9 /* AppDelegate.swift */,
				EECB848E2361391C00D3BFE9 /* SceneDelegate.swift */,
				EECB84902361391C00D3BFE9 /* ContentView.swift */,
				EECB84922361391D00D3BFE9 /* Assets.xcassets */,
				EECB84972361391D00D3BFE9 /* LaunchScreen.storyboard */,
				EECB849A2361391D00D3BFE9 /* Info.plist */,
				EE5D1C2B236DE5D30068A836 /* sleep.png */,
				EECB84942361391D00D3BFE9 /* Preview Content */,
				EE47EAE3236A822B0027C78E /* InfoView.swift */,
				EE47EAE5236A84B00027C78E /* MainView.swift */,
				EE5D1C2D236DEA380068A836 /* NewsBoxIView.swift */,
				EE5D1C2F236E75D20068A836 /* HostingController.swift */,
			);
			path = antisiPhone;
			sourceTree = "<group>";
		};
		EECB84942361391D00D3BFE9 /* Preview Content */ = {
			isa = PBXGroup;
			children = (
				EECB84952361391D00D3BFE9 /* Preview Assets.xcassets */,
			);
			path = "Preview Content";
			sourceTree = "<group>";
		};
		EECB84A22361391D00D3BFE9 /* antisiPhoneTests */ = {
			isa = PBXGroup;
			children = (
				EECB84A32361391D00D3BFE9 /* antisiPhoneTests.swift */,
				EECB84A52361391D00D3BFE9 /* Info.plist */,
			);
			path = antisiPhoneTests;
			sourceTree = "<group>";
		};
		EECB84AD2361391D00D3BFE9 /* antisiPhoneUITests */ = {
			isa = PBXGroup;
			children = (
				EECB84AE2361391D00D3BFE9 /* antisiPhoneUITests.swift */,
				EECB84B02361391D00D3BFE9 /* Info.plist */,
			);
			path = antisiPhoneUITests;
			sourceTree = "<group>";
		};
/* End PBXGroup section */

/* Begin PBXNativeTarget section */
		EECB84882361391B00D3BFE9 /* antisiPhone */ = {
			isa = PBXNativeTarget;
			buildConfigurationList = EECB84B32361391D00D3BFE9 /* Build configuration list for PBXNativeTarget "antisiPhone" */;
			buildPhases = (
				EECB84852361391B00D3BFE9 /* Sources */,
				EECB84862361391B00D3BFE9 /* Frameworks */,
				EECB84872361391B00D3BFE9 /* Resources */,
			);
			buildRules = (
			);
			dependencies = (
			);
			name = antisiPhone;
			productName = antisiPhone;
			productReference = EECB84892361391C00D3BFE9 /* antisiPhone.app */;
			productType = "com.apple.product-type.application";
		};
		EECB849E2361391D00D3BFE9 /* antisiPhoneTests */ = {
			isa = PBXNativeTarget;
			buildConfigurationList = EECB84B62361391D00D3BFE9 /* Build configuration list for PBXNativeTarget "antisiPhoneTests" */;
			buildPhases = (
				EECB849B2361391D00D3BFE9 /* Sources */,
				EECB849C2361391D00D3BFE9 /* Frameworks */,
				EECB849D2361391D00D3BFE9 /* Resources */,
			);
			buildRules = (
			);
			dependencies = (
				EECB84A12361391D00D3BFE9 /* PBXTargetDependency */,
			);
			name = antisiPhoneTests;
			productName = antisiPhoneTests;
			productReference = EECB849F2361391D00D3BFE9 /* antisiPhoneTests.xctest */;
			productType = "com.apple.product-type.bundle.unit-test";
		};
		EECB84A92361391D00D3BFE9 /* antisiPhoneUITests */ = {
			isa = PBXNativeTarget;
			buildConfigurationList = EECB84B92361391D00D3BFE9 /* Build configuration list for PBXNativeTarget "antisiPhoneUITests" */;
			buildPhases = (
				EECB84A62361391D00D3BFE9 /* Sources */,
				EECB84A72361391D00D3BFE9 /* Frameworks */,
				EECB84A82361391D00D3BFE9 /* Resources */,
			);
			buildRules = (
			);
			dependencies = (
				EECB84AC2361391D00D3BFE9 /* PBXTargetDependency */,
			);
			name = antisiPhoneUITests;
			productName = antisiPhoneUITests;
			productReference = EECB84AA2361391D00D3BFE9 /* antisiPhoneUITests.xctest */;
			productType = "com.apple.product-type.bundle.ui-testing";
		};
/* End PBXNativeTarget section */

/* Begin PBXProject section */
		EECB84812361391B00D3BFE9 /* Project object */ = {
			isa = PBXProject;
			attributes = {
				LastSwiftUpdateCheck = 1110;
				LastUpgradeCheck = 1110;
				ORGANIZATIONNAME = factorialn;
				TargetAttributes = {
					EECB84882361391B00D3BFE9 = {
						CreatedOnToolsVersion = 11.1;
					};
					EECB849E2361391D00D3BFE9 = {
						CreatedOnToolsVersion = 11.1;
						TestTargetID = EECB84882361391B00D3BFE9;
					};
					EECB84A92361391D00D3BFE9 = {
						CreatedOnToolsVersion = 11.1;
						TestTargetID = EECB84882361391B00D3BFE9;
					};
				};
			};
			buildConfigurationList = EECB84842361391B00D3BFE9 /* Build configuration list for PBXProject "antisiPhone" */;
			compatibilityVersion = "Xcode 9.3";
			developmentRegion = en;
			hasScannedForEncodings = 0;
			knownRegions = (
				en,
				Base,
			);
			mainGroup = EECB84802361391B00D3BFE9;
			productRefGroup = EECB848A2361391C00D3BFE9 /* Products */;
			projectDirPath = "";
			projectRoot = "";
			targets = (
				EECB84882361391B00D3BFE9 /* antisiPhone */,
				EECB849E2361391D00D3BFE9 /* antisiPhoneTests */,
				EECB84A92361391D00D3BFE9 /* antisiPhoneUITests */,
			);
		};
/* End PBXProject section */

/* Begin PBXResourcesBuildPhase section */
		EECB84872361391B00D3BFE9 /* Resources */ = {
			isa = PBXResourcesBuildPhase;
			buildActionMask = 2147483647;
			files = (
				EECB84992361391D00D3BFE9 /* LaunchScreen.storyboard in Resources */,
				EE5D1C2C236DE5D30068A836 /* sleep.png in Resources */,
				EECB84962361391D00D3BFE9 /* Preview Assets.xcassets in Resources */,
				EECB84932361391D00D3BFE9 /* Assets.xcassets in Resources */,
			);
			runOnlyForDeploymentPostprocessing = 0;
		};
		EECB849D2361391D00D3BFE9 /* Resources */ = {
			isa = PBXResourcesBuildPhase;
			buildActionMask = 2147483647;
			files = (
			);
			runOnlyForDeploymentPostprocessing = 0;
		};
		EECB84A82361391D00D3BFE9 /* Resources */ = {
			isa = PBXResourcesBuildPhase;
			buildActionMask = 2147483647;
			files = (
			);
			runOnlyForDeploymentPostprocessing = 0;
		};
/* End PBXResourcesBuildPhase section */

/* Begin PBXSourcesBuildPhase section */
		EECB84852361391B00D3BFE9 /* Sources */ = {
			isa = PBXSourcesBuildPhase;
			buildActionMask = 2147483647;
			files = (
				EE47EAE4236A822B0027C78E /* InfoView.swift in Sources */,
				EE5D1C2E236DEA380068A836 /* NewsBoxIView.swift in Sources */,
				EECB848D2361391C00D3BFE9 /* AppDelegate.swift in Sources */,
				EECB848F2361391C00D3BFE9 /* SceneDelegate.swift in Sources */,
				EE5D1C30236E75D20068A836 /* HostingController.swift in Sources */,
				EE47EAE6236A84B00027C78E /* MainView.swift in Sources */,
				EECB84912361391C00D3BFE9 /* ContentView.swift in Sources */,
			);
			runOnlyForDeploymentPostprocessing = 0;
		};
		EECB849B2361391D00D3BFE9 /* Sources */ = {
			isa = PBXSourcesBuildPhase;
			buildActionMask = 2147483647;
			files = (
				EECB84A42361391D00D3BFE9 /* antisiPhoneTests.swift in Sources */,
			);
			runOnlyForDeploymentPostprocessing = 0;
		};
		EECB84A62361391D00D3BFE9 /* Sources */ = {
			isa = PBXSourcesBuildPhase;
			buildActionMask = 2147483647;
			files = (
				EECB84AF2361391D00D3BFE9 /* antisiPhoneUITests.swift in Sources */,
			);
			runOnlyForDeploymentPostprocessing = 0;
		};
/* End PBXSourcesBuildPhase section */

/* Begin PBXTargetDependency section */
		EECB84A12361391D00D3BFE9 /* PBXTargetDependency */ = {
			isa = PBXTargetDependency;
			target = EECB84882361391B00D3BFE9 /* antisiPhone */;
			targetProxy = EECB84A02361391D00D3BFE9 /* PBXContainerItemProxy */;
		};
		EECB84AC2361391D00D3BFE9 /* PBXTargetDependency */ = {
			isa = PBXTargetDependency;
			target = EECB84882361391B00D3BFE9 /* antisiPhone */;
			targetProxy = EECB84AB2361391D00D3BFE9 /* PBXContainerItemProxy */;
		};
/* End PBXTargetDependency section */

/* Begin PBXVariantGroup section */
		EECB84972361391D00D3BFE9 /* LaunchScreen.storyboard */ = {
			isa = PBXVariantGroup;
			children = (
				EECB84982361391D00D3BFE9 /* Base */,
			);
			name = LaunchScreen.storyboard;
			sourceTree = "<group>";
		};
/* End PBXVariantGroup section */

/* Begin XCBuildConfiguration section */
		EECB84B12361391D00D3BFE9 /* Debug */ = {
			isa = XCBuildConfiguration;
			buildSettings = {
				ALWAYS_SEARCH_USER_PATHS = NO;
				CLANG_ANALYZER_NONNULL = YES;
				CLANG_ANALYZER_NUMBER_OBJECT_CONVERSION = YES_AGGRESSIVE;
				CLANG_CXX_LANGUAGE_STANDARD = "gnu++14";
				CLANG_CXX_LIBRARY = "libc++";
				CLANG_ENABLE_MODULES = YES;
				CLANG_ENABLE_OBJC_ARC = YES;
				CLANG_ENABLE_OBJC_WEAK = YES;
				CLANG_WARN_BLOCK_CAPTURE_AUTORELEASING = YES;
				CLANG_WARN_BOOL_CONVERSION = YES;
				CLANG_WARN_COMMA = YES;
				CLANG_WARN_CONSTANT_CONVERSION = YES;
				CLANG_WARN_DEPRECATED_OBJC_IMPLEMENTATIONS = YES;
				CLANG_WARN_DIRECT_OBJC_ISA_USAGE = YES_ERROR;
				CLANG_WARN_DOCUMENTATION_COMMENTS = YES;
				CLANG_WARN_EMPTY_BODY = YES;
				CLANG_WARN_ENUM_CONVERSION = YES;
				CLANG_WARN_INFINITE_RECURSION = YES;
				CLANG_WARN_INT_CONVERSION = YES;
				CLANG_WARN_NON_LITERAL_NULL_CONVERSION = YES;
				CLANG_WARN_OBJC_IMPLICIT_RETAIN_SELF = YES;
				CLANG_WARN_OBJC_LITERAL_CONVERSION = YES;
				CLANG_WARN_OBJC_ROOT_CLASS = YES_ERROR;
				CLANG_WARN_RANGE_LOOP_ANALYSIS = YES;
				CLANG_WARN_STRICT_PROTOTYPES = YES;
				CLANG_WARN_SUSPICIOUS_MOVE = YES;
				CLANG_WARN_UNGUARDED_AVAILABILITY = YES_AGGRESSIVE;
				CLANG_WARN_UNREACHABLE_CODE = YES;
				CLANG_WARN__DUPLICATE_METHOD_MATCH = YES;
				COPY_PHASE_STRIP = NO;
				DEBUG_INFORMATION_FORMAT = dwarf;
				ENABLE_STRICT_OBJC_MSGSEND = YES;
				ENABLE_TESTABILITY = YES;
				GCC_C_LANGUAGE_STANDARD = gnu11;
				GCC_DYNAMIC_NO_PIC = NO;
				GCC_NO_COMMON_BLOCKS = YES;
				GCC_OPTIMIZATION_LEVEL = 0;
				GCC_PREPROCESSOR_DEFINITIONS = (
					"DEBUG=1",
					"$(inherited)",
				);
				GCC_WARN_64_TO_32_BIT_CONVERSION = YES;
				GCC_WARN_ABOUT_RETURN_TYPE = YES_ERROR;
				GCC_WARN_UNDECLARED_SELECTOR = YES;
				GCC_WARN_UNINITIALIZED_AUTOS = YES_AGGRESSIVE;
				GCC_WARN_UNUSED_FUNCTION = YES;
				GCC_WARN_UNUSED_VARIABLE = YES;
				IPHONEOS_DEPLOYMENT_TARGET = 13.1;
				MTL_ENABLE_DEBUG_INFO = INCLUDE_SOURCE;
				MTL_FAST_MATH = YES;
				ONLY_ACTIVE_ARCH = YES;
				SDKROOT = iphoneos;
				SWIFT_ACTIVE_COMPILATION_CONDITIONS = DEBUG;
				SWIFT_OPTIMIZATION_LEVEL = "-Onone";
			};
			name = Debug;
		};
		EECB84B22361391D00D3BFE9 /* Release */ = {
			isa = XCBuildConfiguration;
			buildSettings = {
				ALWAYS_SEARCH_USER_PATHS = NO;
				CLANG_ANALYZER_NONNULL = YES;
				CLANG_ANALYZER_NUMBER_OBJECT_CONVERSION = YES_AGGRESSIVE;
				CLANG_CXX_LANGUAGE_STANDARD = "gnu++14";
				CLANG_CXX_LIBRARY = "libc++";
				CLANG_ENABLE_MODULES = YES;
				CLANG_ENABLE_OBJC_ARC = YES;
				CLANG_ENABLE_OBJC_WEAK = YES;
				CLANG_WARN_BLOCK_CAPTURE_AUTORELEASING = YES;
				CLANG_WARN_BOOL_CONVERSION = YES;
				CLANG_WARN_COMMA = YES;
				CLANG_WARN_CONSTANT_CONVERSION = YES;
				CLANG_WARN_DEPRECATED_OBJC_IMPLEMENTATIONS = YES;
				CLANG_WARN_DIRECT_OBJC_ISA_USAGE = YES_ERROR;
				CLANG_WARN_DOCUMENTATION_COMMENTS = YES;
				CLANG_WARN_EMPTY_BODY = YES;
				CLANG_WARN_ENUM_CONVERSION = YES;
				CLANG_WARN_INFINITE_RECURSION = YES;
				CLANG_WARN_INT_CONVERSION = YES;
				CLANG_WARN_NON_LITERAL_NULL_CONVERSION = YES;
				CLANG_WARN_OBJC_IMPLICIT_RETAIN_SELF = YES;
				CLANG_WARN_OBJC_LITERAL_CONVERSION = YES;
				CLANG_WARN_OBJC_ROOT_CLASS = YES_ERROR;
				CLANG_WARN_RANGE_LOOP_ANALYSIS = YES;
				CLANG_WARN_STRICT_PROTOTYPES = YES;
				CLANG_WARN_SUSPICIOUS_MOVE = YES;
				CLANG_WARN_UNGUARDED_AVAILABILITY = YES_AGGRESSIVE;
				CLANG_WARN_UNREACHABLE_CODE = YES;
				CLANG_WARN__DUPLICATE_METHOD_MATCH = YES;
				COPY_PHASE_STRIP = NO;
				DEBUG_INFORMATION_FORMAT = "dwarf-with-dsym";
				ENABLE_NS_ASSERTIONS = NO;
				ENABLE_STRICT_OBJC_MSGSEND = YES;
				GCC_C_LANGUAGE_STANDARD = gnu11;
				GCC_NO_COMMON_BLOCKS = YES;
				GCC_WARN_64_TO_32_BIT_CONVERSION = YES;
				GCC_WARN_ABOUT_RETURN_TYPE = YES_ERROR;
				GCC_WARN_UNDECLARED_SELECTOR = YES;
				GCC_WARN_UNINITIALIZED_AUTOS = YES_AGGRESSIVE;
				GCC_WARN_UNUSED_FUNCTION = YES;
				GCC_WARN_UNUSED_VARIABLE = YES;
				IPHONEOS_DEPLOYMENT_TARGET = 13.1;
				MTL_ENABLE_DEBUG_INFO = NO;
				MTL_FAST_MATH = YES;
				SDKROOT = iphoneos;
				SWIFT_COMPILATION_MODE = wholemodule;
				SWIFT_OPTIMIZATION_LEVEL = "-O";
				VALIDATE_PRODUCT = YES;
			};
			name = Release;
		};
		EECB84B42361391D00D3BFE9 /* Debug */ = {
			isa = XCBuildConfiguration;
			buildSettings = {
				ASSETCATALOG_COMPILER_APPICON_NAME = AppIcon;
				CODE_SIGN_STYLE = Automatic;
				DEVELOPMENT_ASSET_PATHS = "\"antisiPhone/Preview Content\"";
				DEVELOPMENT_TEAM = P884AD35QX;
				ENABLE_PREVIEWS = YES;
				INFOPLIST_FILE = antisiPhone/Info.plist;
				LD_RUNPATH_SEARCH_PATHS = (
					"$(inherited)",
					"@executable_path/Frameworks",
				);
				PRODUCT_BUNDLE_IDENTIFIER = FactorialN.antisiPhone;
				PRODUCT_NAME = "$(TARGET_NAME)";
				SWIFT_VERSION = 5.0;
				TARGETED_DEVICE_FAMILY = "1,2";
			};
			name = Debug;
		};
		EECB84B52361391D00D3BFE9 /* Release */ = {
			isa = XCBuildConfiguration;
			buildSettings = {
				ASSETCATALOG_COMPILER_APPICON_NAME = AppIcon;
				CODE_SIGN_STYLE = Automatic;
				DEVELOPMENT_ASSET_PATHS = "\"antisiPhone/Preview Content\"";
				DEVELOPMENT_TEAM = P884AD35QX;
				ENABLE_PREVIEWS = YES;
				INFOPLIST_FILE = antisiPhone/Info.plist;
				LD_RUNPATH_SEARCH_PATHS = (
					"$(inherited)",
					"@executable_path/Frameworks",
				);
				PRODUCT_BUNDLE_IDENTIFIER = FactorialN.antisiPhone;
				PRODUCT_NAME = "$(TARGET_NAME)";
				SWIFT_VERSION = 5.0;
				TARGETED_DEVICE_FAMILY = "1,2";
			};
			name = Release;
		};
		EECB84B72361391D00D3BFE9 /* Debug */ = {
			isa = XCBuildConfiguration;
			buildSettings = {
				ALWAYS_EMBED_SWIFT_STANDARD_LIBRARIES = YES;
				BUNDLE_LOADER = "$(TEST_HOST)";
				CODE_SIGN_STYLE = Automatic;
				DEVELOPMENT_TEAM = P884AD35QX;
				INFOPLIST_FILE = antisiPhoneTests/Info.plist;
				IPHONEOS_DEPLOYMENT_TARGET = 13.1;
				LD_RUNPATH_SEARCH_PATHS = (
					"$(inherited)",
					"@executable_path/Frameworks",
					"@loader_path/Frameworks",
				);
				PRODUCT_BUNDLE_IDENTIFIER = FactorialN.antisiPhoneTests;
				PRODUCT_NAME = "$(TARGET_NAME)";
				SWIFT_VERSION = 5.0;
				TARGETED_DEVICE_FAMILY = "1,2";
				TEST_HOST = "$(BUILT_PRODUCTS_DIR)/antisiPhone.app/antisiPhone";
			};
			name = Debug;
		};
		EECB84B82361391D00D3BFE9 /* Release */ = {
			isa = XCBuildConfiguration;
			buildSettings = {
				ALWAYS_EMBED_SWIFT_STANDARD_LIBRARIES = YES;
				BUNDLE_LOADER = "$(TEST_HOST)";
				CODE_SIGN_STYLE = Automatic;
				DEVELOPMENT_TEAM = P884AD35QX;
				INFOPLIST_FILE = antisiPhoneTests/Info.plist;
				IPHONEOS_DEPLOYMENT_TARGET = 13.1;
				LD_RUNPATH_SEARCH_PATHS = (
					"$(inherited)",
					"@executable_path/Frameworks",
					"@loader_path/Frameworks",
				);
				PRODUCT_BUNDLE_IDENTIFIER = FactorialN.antisiPhoneTests;
				PRODUCT_NAME = "$(TARGET_NAME)";
				SWIFT_VERSION = 5.0;
				TARGETED_DEVICE_FAMILY = "1,2";
				TEST_HOST = "$(BUILT_PRODUCTS_DIR)/antisiPhone.app/antisiPhone";
			};
			name = Release;
		};
		EECB84BA2361391D00D3BFE9 /* Debug */ = {
			isa = XCBuildConfiguration;
			buildSettings = {
				ALWAYS_EMBED_SWIFT_STANDARD_LIBRARIES = YES;
				CODE_SIGN_STYLE = Automatic;
				DEVELOPMENT_TEAM = P884AD35QX;
				INFOPLIST_FILE = antisiPhoneUITests/Info.plist;
				LD_RUNPATH_SEARCH_PATHS = (
					"$(inherited)",
					"@executable_path/Frameworks",
					"@loader_path/Frameworks",
				);
				PRODUCT_BUNDLE_IDENTIFIER = FactorialN.antisiPhoneUITests;
				PRODUCT_NAME = "$(TARGET_NAME)";
				SWIFT_VERSION = 5.0;
				TARGETED_DEVICE_FAMILY = "1,2";
				TEST_TARGET_NAME = antisiPhone;
			};
			name = Debug;
		};
		EECB84BB2361391D00D3BFE9 /* Release */ = {
			isa = XCBuildConfiguration;
			buildSettings = {
				ALWAYS_EMBED_SWIFT_STANDARD_LIBRARIES = YES;
				CODE_SIGN_STYLE = Automatic;
				DEVELOPMENT_TEAM = P884AD35QX;
				INFOPLIST_FILE = antisiPhoneUITests/Info.plist;
				LD_RUNPATH_SEARCH_PATHS = (
					"$(inherited)",
					"@executable_path/Frameworks",
					"@loader_path/Frameworks",
				);
				PRODUCT_BUNDLE_IDENTIFIER = FactorialN.antisiPhoneUITests;
				PRODUCT_NAME = "$(TARGET_NAME)";
				SWIFT_VERSION = 5.0;
				TARGETED_DEVICE_FAMILY = "1,2";
				TEST_TARGET_NAME = antisiPhone;
			};
			name = Release;
		};
/* End XCBuildConfiguration section */

/* Begin XCConfigurationList section */
		EECB84842361391B00D3BFE9 /* Build configuration list for PBXProject "antisiPhone" */ = {
			isa = XCConfigurationList;
			buildConfigurations = (
				EECB84B12361391D00D3BFE9 /* Debug */,
				EECB84B22361391D00D3BFE9 /* Release */,
			);
			defaultConfigurationIsVisible = 0;
			defaultConfigurationName = Release;
		};
		EECB84B32361391D00D3BFE9 /* Build configuration list for PBXNativeTarget "antisiPhone" */ = {
			isa = XCConfigurationList;
			buildConfigurations = (
				EECB84B42361391D00D3BFE9 /* Debug */,
				EECB84B52361391D00D3BFE9 /* Release */,
			);
			defaultConfigurationIsVisible = 0;
			defaultConfigurationName = Release;
		};
		EECB84B62361391D00D3BFE9 /* Build configuration list for PBXNativeTarget "antisiPhoneTests" */ = {
			isa = XCConfigurationList;
			buildConfigurations = (
				EECB84B72361391D00D3BFE9 /* Debug */,
				EECB84B82361391D00D3BFE9 /* Release */,
			);
			defaultConfigurationIsVisible = 0;
			defaultConfigurationName = Release;
		};
		EECB84B92361391D00D3BFE9 /* Build configuration list for PBXNativeTarget "antisiPhoneUITests" */ = {
			isa = XCConfigurationList;
			buildConfigurations = (
				EECB84BA2361391D00D3BFE9 /* Debug */,
				EECB84BB2361391D00D3BFE9 /* Release */,
			);
			defaultConfigurationIsVisible = 0;
			defaultConfigurationName = Release;
		};
/* End XCConfigurationList section */
	};
	rootObject = EECB84812361391B00D3BFE9 /* Project object */;
}
