// !$*UTF8*$!
{
	archiveVersion = 1;
	classes = {
	};
	objectVersion = 52;
	objects = {

/* Begin PBXBuildFile section */
		EE06AFFA2372084D0049C733 /* sleep.png in Resources */ = {isa = PBXBuildFile; fileRef = EE06AFF92372084D0049C733 /* sleep.png */; };
		EE47EAE4236A822B0027C78E /* InfoView.swift in Sources */ = {isa = PBXBuildFile; fileRef = EE47EAE3236A822B0027C78E /* InfoView.swift */; };
		EE47EAE6236A84B00027C78E /* MainView.swift in Sources */ = {isa = PBXBuildFile; fileRef = EE47EAE5236A84B00027C78E /* MainView.swift */; };
		EE5B2EDF2373DB8F005715FE /* MiddleView.swift in Sources */ = {isa = PBXBuildFile; fileRef = EE5B2EDE2373DB8F005715FE /* MiddleView.swift */; };
		EE5B2EE12373DCF5005715FE /* CashView.swift in Sources */ = {isa = PBXBuildFile; fileRef = EE5B2EE02373DCF5005715FE /* CashView.swift */; };
		EE5B2EE32373E490005715FE /* SmallBoxView.swift in Sources */ = {isa = PBXBuildFile; fileRef = EE5B2EE22373E490005715FE /* SmallBoxView.swift */; };
		EE5B2EE52373EFC0005715FE /* CreditView.swift in Sources */ = {isa = PBXBuildFile; fileRef = EE5B2EE42373EFC0005715FE /* CreditView.swift */; };
		EE5D1C2E236DEA380068A836 /* NewsBoxIView.swift in Sources */ = {isa = PBXBuildFile; fileRef = EE5D1C2D236DEA380068A836 /* NewsBoxIView.swift */; };
		EE5D1C30236E75D20068A836 /* HostingController.swift in Sources */ = {isa = PBXBuildFile; fileRef = EE5D1C2F236E75D20068A836 /* HostingController.swift */; };
		EE5D1C32236EE2130068A836 /* AnimationView.swift in Sources */ = {isa = PBXBuildFile; fileRef = EE5D1C31236EE2130068A836 /* AnimationView.swift */; };
		EE642EF2237342D1008E333A /* HIkeView.swift in Sources */ = {isa = PBXBuildFile; fileRef = EE642EF1237342D1008E333A /* HIkeView.swift */; };
		EE642EF423734538008E333A /* InfoDetailView.swift in Sources */ = {isa = PBXBuildFile; fileRef = EE642EF323734538008E333A /* InfoDetailView.swift */; };
		EEBC4E60237338BD008FF5AA /* chishiki.jpg in Resources */ = {isa = PBXBuildFile; fileRef = EEBC4E5F237338BD008FF5AA /* chishiki.jpg */; };
		EEC7C87E2373336400129923 /* LandmarkList.swift in Sources */ = {isa = PBXBuildFile; fileRef = EEC7C86A2373336400129923 /* LandmarkList.swift */; };
		EEC7C87F2373336400129923 /* GraphCapsule.swift in Sources */ = {isa = PBXBuildFile; fileRef = EEC7C86C2373336400129923 /* GraphCapsule.swift */; };
		EEC7C8802373336400129923 /* HikeGraph.swift in Sources */ = {isa = PBXBuildFile; fileRef = EEC7C86D2373336400129923 /* HikeGraph.swift */; };
		EEC7C8812373336400129923 /* RotatedBadgeSymbol.swift in Sources */ = {isa = PBXBuildFile; fileRef = EEC7C86E2373336400129923 /* RotatedBadgeSymbol.swift */; };
		EEC7C8822373336400129923 /* MapView.swift in Sources */ = {isa = PBXBuildFile; fileRef = EEC7C86F2373336400129923 /* MapView.swift */; };
		EEC7C8832373336400129923 /* CircleImage.swift in Sources */ = {isa = PBXBuildFile; fileRef = EEC7C8702373336400129923 /* CircleImage.swift */; };
		EEC7C8842373336400129923 /* BadgeSymbol.swift in Sources */ = {isa = PBXBuildFile; fileRef = EEC7C8712373336400129923 /* BadgeSymbol.swift */; };
		EEC7C8852373336400129923 /* BadgeBackground.swift in Sources */ = {isa = PBXBuildFile; fileRef = EEC7C8722373336400129923 /* BadgeBackground.swift */; };
		EEC7C8862373336400129923 /* LandmarkRow.swift in Sources */ = {isa = PBXBuildFile; fileRef = EEC7C8732373336400129923 /* LandmarkRow.swift */; };
		EEC7C8872373336400129923 /* Badge.swift in Sources */ = {isa = PBXBuildFile; fileRef = EEC7C8742373336400129923 /* Badge.swift */; };
		EEC7C8882373336400129923 /* Data.swift in Sources */ = {isa = PBXBuildFile; fileRef = EEC7C8762373336400129923 /* Data.swift */; };
		EEC7C8892373336400129923 /* UserData.swift in Sources */ = {isa = PBXBuildFile; fileRef = EEC7C8772373336400129923 /* UserData.swift */; };
		EEC7C88A2373336400129923 /* Hike.swift in Sources */ = {isa = PBXBuildFile; fileRef = EEC7C8782373336400129923 /* Hike.swift */; };
		EEC7C88B2373336400129923 /* Landmark.swift in Sources */ = {isa = PBXBuildFile; fileRef = EEC7C8792373336400129923 /* Landmark.swift */; };
		EEC7C88C2373336400129923 /* LandmarkDetail.swift in Sources */ = {isa = PBXBuildFile; fileRef = EEC7C87A2373336400129923 /* LandmarkDetail.swift */; };
		EEC7C88D2373336400129923 /* HikeDetail.swift in Sources */ = {isa = PBXBuildFile; fileRef = EEC7C87B2373336400129923 /* HikeDetail.swift */; };
		EEC7C88E2373336400129923 /* HexagonParameters.swift in Sources */ = {isa = PBXBuildFile; fileRef = EEC7C87C2373336400129923 /* HexagonParameters.swift */; };
		EEC7C89E2373343D00129923 /* charleyrivers.jpg in Resources */ = {isa = PBXBuildFile; fileRef = EEC7C8902373343D00129923 /* charleyrivers.jpg */; };
		EEC7C89F2373343D00129923 /* turtlerock.jpg in Resources */ = {isa = PBXBuildFile; fileRef = EEC7C8912373343D00129923 /* turtlerock.jpg */; };
		EEC7C8A02373343D00129923 /* silversalmoncreek.jpg in Resources */ = {isa = PBXBuildFile; fileRef = EEC7C8922373343D00129923 /* silversalmoncreek.jpg */; };
		EEC7C8A12373343D00129923 /* hikeData.json in Resources */ = {isa = PBXBuildFile; fileRef = EEC7C8932373343D00129923 /* hikeData.json */; };
		EEC7C8A22373343D00129923 /* icybay.jpg in Resources */ = {isa = PBXBuildFile; fileRef = EEC7C8942373343D00129923 /* icybay.jpg */; };
		EEC7C8A32373343D00129923 /* lakemcdonald.jpg in Resources */ = {isa = PBXBuildFile; fileRef = EEC7C8952373343D00129923 /* lakemcdonald.jpg */; };
		EEC7C8A42373343D00129923 /* hiddenlake.jpg in Resources */ = {isa = PBXBuildFile; fileRef = EEC7C8962373343D00129923 /* hiddenlake.jpg */; };
		EEC7C8A52373343D00129923 /* twinlake.jpg in Resources */ = {isa = PBXBuildFile; fileRef = EEC7C8972373343D00129923 /* twinlake.jpg */; };
		EEC7C8A62373343D00129923 /* umbagog.jpg in Resources */ = {isa = PBXBuildFile; fileRef = EEC7C8982373343D00129923 /* umbagog.jpg */; };
		EEC7C8A72373343D00129923 /* landmarkData.json in Resources */ = {isa = PBXBuildFile; fileRef = EEC7C8992373343D00129923 /* landmarkData.json */; };
		EEC7C8A82373343E00129923 /* chincoteague.jpg in Resources */ = {isa = PBXBuildFile; fileRef = EEC7C89A2373343D00129923 /* chincoteague.jpg */; };
		EEC7C8A92373343E00129923 /* stmarylake.jpg in Resources */ = {isa = PBXBuildFile; fileRef = EEC7C89B2373343D00129923 /* stmarylake.jpg */; };
		EEC7C8AA2373343E00129923 /* chilkoottrail.jpg in Resources */ = {isa = PBXBuildFile; fileRef = EEC7C89C2373343D00129923 /* chilkoottrail.jpg */; };
		EEC7C8AB2373343E00129923 /* rainbowlake.jpg in Resources */ = {isa = PBXBuildFile; fileRef = EEC7C89D2373343D00129923 /* rainbowlake.jpg */; };
		EECB848D2361391C00D3BFE9 /* AppDelegate.swift in Sources */ = {isa = PBXBuildFile; fileRef = EECB848C2361391C00D3BFE9 /* AppDelegate.swift */; };
		EECB848F2361391C00D3BFE9 /* SceneDelegate.swift in Sources */ = {isa = PBXBuildFile; fileRef = EECB848E2361391C00D3BFE9 /* SceneDelegate.swift */; };
		EECB84912361391C00D3BFE9 /* ContentView.swift in Sources */ = {isa = PBXBuildFile; fileRef = EECB84902361391C00D3BFE9 /* ContentView.swift */; };
		EECB84932361391D00D3BFE9 /* Assets.xcassets in Resources */ = {isa = PBXBuildFile; fileRef = EECB84922361391D00D3BFE9 /* Assets.xcassets */; };
		EECB84962361391D00D3BFE9 /* Preview Assets.xcassets in Resources */ = {isa = PBXBuildFile; fileRef = EECB84952361391D00D3BFE9 /* Preview Assets.xcassets */; };
		EECB84992361391D00D3BFE9 /* LaunchScreen.storyboard in Resources */ = {isa = PBXBuildFile; fileRef = EECB84972361391D00D3BFE9 /* LaunchScreen.storyboard */; };
		EECB84A42361391D00D3BFE9 /* antisiPhoneTests.swift in Sources */ = {isa = PBXBuildFile; fileRef = EECB84A32361391D00D3BFE9 /* antisiPhoneTests.swift */; };
		EECB84AF2361391D00D3BFE9 /* antisiPhoneUITests.swift in Sources */ = {isa = PBXBuildFile; fileRef = EECB84AE2361391D00D3BFE9 /* antisiPhoneUITests.swift */; };
		EEE47DD92371AAF7007E86E5 /* ModalView in Frameworks */ = {isa = PBXBuildFile; productRef = EEE47DD82371AAF7007E86E5 /* ModalView */; };
/* End PBXBuildFile section */

/* Begin PBXContainerItemProxy section */
		EECB84A02361391D00D3BFE9 /* PBXContainerItemProxy */ = {
			isa = PBXContainerItemProxy;
			containerPortal = EECB84812361391B00D3BFE9 /* Project object */;
			proxyType = 1;
			remoteGlobalIDString = EECB84882361391B00D3BFE9;
			remoteInfo = antisiPhone;
		};
		EECB84AB2361391D00D3BFE9 /* PBXContainerItemProxy */ = {
			isa = PBXContainerItemProxy;
			containerPortal = EECB84812361391B00D3BFE9 /* Project object */;
			proxyType = 1;
			remoteGlobalIDString = EECB84882361391B00D3BFE9;
			remoteInfo = antisiPhone;
		};
/* End PBXContainerItemProxy section */

/* Begin PBXFileReference section */
		EE06AFF92372084D0049C733 /* sleep.png */ = {isa = PBXFileReference; lastKnownFileType = image.png; path = sleep.png; sourceTree = "<group>"; };
		EE47EAE3236A822B0027C78E /* InfoView.swift */ = {isa = PBXFileReference; lastKnownFileType = sourcecode.swift; path = InfoView.swift; sourceTree = "<group>"; };
		EE47EAE5236A84B00027C78E /* MainView.swift */ = {isa = PBXFileReference; lastKnownFileType = sourcecode.swift; path = MainView.swift; sourceTree = "<group>"; };
		EE5B2EDE2373DB8F005715FE /* MiddleView.swift */ = {isa = PBXFileReference; lastKnownFileType = sourcecode.swift; path = MiddleView.swift; sourceTree = "<group>"; };
		EE5B2EE02373DCF5005715FE /* CashView.swift */ = {isa = PBXFileReference; lastKnownFileType = sourcecode.swift; path = CashView.swift; sourceTree = "<group>"; };
		EE5B2EE22373E490005715FE /* SmallBoxView.swift */ = {isa = PBXFileReference; lastKnownFileType = sourcecode.swift; path = SmallBoxView.swift; sourceTree = "<group>"; };
		EE5B2EE42373EFC0005715FE /* CreditView.swift */ = {isa = PBXFileReference; lastKnownFileType = sourcecode.swift; path = CreditView.swift; sourceTree = "<group>"; };
		EE5D1C2D236DEA380068A836 /* NewsBoxIView.swift */ = {isa = PBXFileReference; lastKnownFileType = sourcecode.swift; path = NewsBoxIView.swift; sourceTree = "<group>"; };
		EE5D1C2F236E75D20068A836 /* HostingController.swift */ = {isa = PBXFileReference; lastKnownFileType = sourcecode.swift; path = HostingController.swift; sourceTree = "<group>"; };
		EE5D1C31236EE2130068A836 /* AnimationView.swift */ = {isa = PBXFileReference; lastKnownFileType = sourcecode.swift; path = AnimationView.swift; sourceTree = "<group>"; };
		EE642EF1237342D1008E333A /* HIkeView.swift */ = {isa = PBXFileReference; lastKnownFileType = sourcecode.swift; path = HIkeView.swift; sourceTree = "<group>"; };
		EE642EF323734538008E333A /* InfoDetailView.swift */ = {isa = PBXFileReference; lastKnownFileType = sourcecode.swift; path = InfoDetailView.swift; sourceTree = "<group>"; };
		EEBC4E5F237338BD008FF5AA /* chishiki.jpg */ = {isa = PBXFileReference; lastKnownFileType = image.jpeg; path = chishiki.jpg; sourceTree = "<group>"; };
		EEC7C86A2373336400129923 /* LandmarkList.swift */ = {isa = PBXFileReference; fileEncoding = 4; lastKnownFileType = sourcecode.swift; path = LandmarkList.swift; sourceTree = "<group>"; };
		EEC7C86C2373336400129923 /* GraphCapsule.swift */ = {isa = PBXFileReference; fileEncoding = 4; lastKnownFileType = sourcecode.swift; path = GraphCapsule.swift; sourceTree = "<group>"; };
		EEC7C86D2373336400129923 /* HikeGraph.swift */ = {isa = PBXFileReference; fileEncoding = 4; lastKnownFileType = sourcecode.swift; path = HikeGraph.swift; sourceTree = "<group>"; };
		EEC7C86E2373336400129923 /* RotatedBadgeSymbol.swift */ = {isa = PBXFileReference; fileEncoding = 4; lastKnownFileType = sourcecode.swift; path = RotatedBadgeSymbol.swift; sourceTree = "<group>"; };
		EEC7C86F2373336400129923 /* MapView.swift */ = {isa = PBXFileReference; fileEncoding = 4; lastKnownFileType = sourcecode.swift; path = MapView.swift; sourceTree = "<group>"; };
		EEC7C8702373336400129923 /* CircleImage.swift */ = {isa = PBXFileReference; fileEncoding = 4; lastKnownFileType = sourcecode.swift; path = CircleImage.swift; sourceTree = "<group>"; };
		EEC7C8712373336400129923 /* BadgeSymbol.swift */ = {isa = PBXFileReference; fileEncoding = 4; lastKnownFileType = sourcecode.swift; path = BadgeSymbol.swift; sourceTree = "<group>"; };
		EEC7C8722373336400129923 /* BadgeBackground.swift */ = {isa = PBXFileReference; fileEncoding = 4; lastKnownFileType = sourcecode.swift; path = BadgeBackground.swift; sourceTree = "<group>"; };
		EEC7C8732373336400129923 /* LandmarkRow.swift */ = {isa = PBXFileReference; fileEncoding = 4; lastKnownFileType = sourcecode.swift; path = LandmarkRow.swift; sourceTree = "<group>"; };
		EEC7C8742373336400129923 /* Badge.swift */ = {isa = PBXFileReference; fileEncoding = 4; lastKnownFileType = sourcecode.swift; path = Badge.swift; sourceTree = "<group>"; };
		EEC7C8762373336400129923 /* Data.swift */ = {isa = PBXFileReference; fileEncoding = 4; lastKnownFileType = sourcecode.swift; path = Data.swift; sourceTree = "<group>"; };
		EEC7C8772373336400129923 /* UserData.swift */ = {isa = PBXFileReference; fileEncoding = 4; lastKnownFileType = sourcecode.swift; path = UserData.swift; sourceTree = "<group>"; };
		EEC7C8782373336400129923 /* Hike.swift */ = {isa = PBXFileReference; fileEncoding = 4; lastKnownFileType = sourcecode.swift; path = Hike.swift; sourceTree = "<group>"; };
		EEC7C8792373336400129923 /* Landmark.swift */ = {isa = PBXFileReference; fileEncoding = 4; lastKnownFileType = sourcecode.swift; path = Landmark.swift; sourceTree = "<group>"; };
		EEC7C87A2373336400129923 /* LandmarkDetail.swift */ = {isa = PBXFileReference; fileEncoding = 4; lastKnownFileType = sourcecode.swift; path = LandmarkDetail.swift; sourceTree = "<group>"; };
		EEC7C87B2373336400129923 /* HikeDetail.swift */ = {isa = PBXFileReference; fileEncoding = 4; lastKnownFileType = sourcecode.swift; path = HikeDetail.swift; sourceTree = "<group>"; };
		EEC7C87C2373336400129923 /* HexagonParameters.swift */ = {isa = PBXFileReference; fileEncoding = 4; lastKnownFileType = sourcecode.swift; path = HexagonParameters.swift; sourceTree = "<group>"; };
		EEC7C8902373343D00129923 /* charleyrivers.jpg */ = {isa = PBXFileReference; lastKnownFileType = image.jpeg; path = charleyrivers.jpg; sourceTree = "<group>"; };
		EEC7C8912373343D00129923 /* turtlerock.jpg */ = {isa = PBXFileReference; lastKnownFileType = image.jpeg; path = turtlerock.jpg; sourceTree = "<group>"; };
		EEC7C8922373343D00129923 /* silversalmoncreek.jpg */ = {isa = PBXFileReference; lastKnownFileType = image.jpeg; path = silversalmoncreek.jpg; sourceTree = "<group>"; };
		EEC7C8932373343D00129923 /* hikeData.json */ = {isa = PBXFileReference; fileEncoding = 4; lastKnownFileType = text.json; path = hikeData.json; sourceTree = "<group>"; };
		EEC7C8942373343D00129923 /* icybay.jpg */ = {isa = PBXFileReference; lastKnownFileType = image.jpeg; path = icybay.jpg; sourceTree = "<group>"; };
		EEC7C8952373343D00129923 /* lakemcdonald.jpg */ = {isa = PBXFileReference; lastKnownFileType = image.jpeg; path = lakemcdonald.jpg; sourceTree = "<group>"; };
		EEC7C8962373343D00129923 /* hiddenlake.jpg */ = {isa = PBXFileReference; lastKnownFileType = image.jpeg; path = hiddenlake.jpg; sourceTree = "<group>"; };
		EEC7C8972373343D00129923 /* twinlake.jpg */ = {isa = PBXFileReference; lastKnownFileType = image.jpeg; path = twinlake.jpg; sourceTree = "<group>"; };
		EEC7C8982373343D00129923 /* umbagog.jpg */ = {isa = PBXFileReference; lastKnownFileType = image.jpeg; path = umbagog.jpg; sourceTree = "<group>"; };
		EEC7C8992373343D00129923 /* landmarkData.json */ = {isa = PBXFileReference; fileEncoding = 4; lastKnownFileType = text.json; path = landmarkData.json; sourceTree = "<group>"; };
		EEC7C89A2373343D00129923 /* chincoteague.jpg */ = {isa = PBXFileReference; lastKnownFileType = image.jpeg; path = chincoteague.jpg; sourceTree = "<group>"; };
		EEC7C89B2373343D00129923 /* stmarylake.jpg */ = {isa = PBXFileReference; lastKnownFileType = image.jpeg; path = stmarylake.jpg; sourceTree = "<group>"; };
		EEC7C89C2373343D00129923 /* chilkoottrail.jpg */ = {isa = PBXFileReference; lastKnownFileType = image.jpeg; path = chilkoottrail.jpg; sourceTree = "<group>"; };
		EEC7C89D2373343D00129923 /* rainbowlake.jpg */ = {isa = PBXFileReference; lastKnownFileType = image.jpeg; path = rainbowlake.jpg; sourceTree = "<group>"; };
		EECB84892361391C00D3BFE9 /* antisiPhone.app */ = {isa = PBXFileReference; explicitFileType = wrapper.application; includeInIndex = 0; path = antisiPhone.app; sourceTree = BUILT_PRODUCTS_DIR; };
		EECB848C2361391C00D3BFE9 /* AppDelegate.swift */ = {isa = PBXFileReference; lastKnownFileType = sourcecode.swift; path = AppDelegate.swift; sourceTree = "<group>"; };
		EECB848E2361391C00D3BFE9 /* SceneDelegate.swift */ = {isa = PBXFileReference; lastKnownFileType = sourcecode.swift; path = SceneDelegate.swift; sourceTree = "<group>"; };
		EECB84902361391C00D3BFE9 /* ContentView.swift */ = {isa = PBXFileReference; lastKnownFileType = sourcecode.swift; path = ContentView.swift; sourceTree = "<group>"; };
		EECB84922361391D00D3BFE9 /* Assets.xcassets */ = {isa = PBXFileReference; lastKnownFileType = folder.assetcatalog; path = Assets.xcassets; sourceTree = "<group>"; };
		EECB84952361391D00D3BFE9 /* Preview Assets.xcassets */ = {isa = PBXFileReference; lastKnownFileType = folder.assetcatalog; path = "Preview Assets.xcassets"; sourceTree = "<group>"; };
		EECB84982361391D00D3BFE9 /* Base */ = {isa = PBXFileReference; lastKnownFileType = file.storyboard; name = Base; path = Base.lproj/LaunchScreen.storyboard; sourceTree = "<group>"; };
		EECB849A2361391D00D3BFE9 /* Info.plist */ = {isa = PBXFileReference; lastKnownFileType = text.plist.xml; path = Info.plist; sourceTree = "<group>"; };
		EECB849F2361391D00D3BFE9 /* antisiPhoneTests.xctest */ = {isa = PBXFileReference; explicitFileType = wrapper.cfbundle; includeInIndex = 0; path = antisiPhoneTests.xctest; sourceTree = BUILT_PRODUCTS_DIR; };
		EECB84A32361391D00D3BFE9 /* antisiPhoneTests.swift */ = {isa = PBXFileReference; lastKnownFileType = sourcecode.swift; path = antisiPhoneTests.swift; sourceTree = "<group>"; };
		EECB84A52361391D00D3BFE9 /* Info.plist */ = {isa = PBXFileReference; lastKnownFileType = text.plist.xml; path = Info.plist; sourceTree = "<group>"; };
		EECB84AA2361391D00D3BFE9 /* antisiPhoneUITests.xctest */ = {isa = PBXFileReference; explicitFileType = wrapper.cfbundle; includeInIndex = 0; path = antisiPhoneUITests.xctest; sourceTree = BUILT_PRODUCTS_DIR; };
		EECB84AE2361391D00D3BFE9 /* antisiPhoneUITests.swift */ = {isa = PBXFileReference; lastKnownFileType = sourcecode.swift; path = antisiPhoneUITests.swift; sourceTree = "<group>"; };
		EECB84B02361391D00D3BFE9 /* Info.plist */ = {isa = PBXFileReference; lastKnownFileType = text.plist.xml; path = Info.plist; sourceTree = "<group>"; };
/* End PBXFileReference section */

/* Begin PBXFrameworksBuildPhase section */
		EECB84862361391B00D3BFE9 /* Frameworks */ = {
			isa = PBXFrameworksBuildPhase;
			buildActionMask = 2147483647;
			files = (
				EEE47DD92371AAF7007E86E5 /* ModalView in Frameworks */,
			);
			runOnlyForDeploymentPostprocessing = 0;
		};
		EECB849C2361391D00D3BFE9 /* Frameworks */ = {
			isa = PBXFrameworksBuildPhase;
			buildActionMask = 2147483647;
			files = (
			);
			runOnlyForDeploymentPostprocessing = 0;
		};
		EECB84A72361391D00D3BFE9 /* Frameworks */ = {
			isa = PBXFrameworksBuildPhase;
			buildActionMask = 2147483647;
			files = (
			);
			runOnlyForDeploymentPostprocessing = 0;
		};
/* End PBXFrameworksBuildPhase section */

/* Begin PBXGroup section */
		EEC7C86B2373336400129923 /* Supporting Views */ = {
			isa = PBXGroup;
			children = (
				EEC7C86C2373336400129923 /* GraphCapsule.swift */,
				EEC7C86D2373336400129923 /* HikeGraph.swift */,
				EEC7C86E2373336400129923 /* RotatedBadgeSymbol.swift */,
				EEC7C86F2373336400129923 /* MapView.swift */,
				EEC7C8702373336400129923 /* CircleImage.swift */,
				EEC7C8712373336400129923 /* BadgeSymbol.swift */,
				EEC7C8722373336400129923 /* BadgeBackground.swift */,
				EEC7C8732373336400129923 /* LandmarkRow.swift */,
				EEC7C8742373336400129923 /* Badge.swift */,
			);
			path = "Supporting Views";
			sourceTree = "<group>";
		};
		EEC7C8752373336400129923 /* Models */ = {
			isa = PBXGroup;
			children = (
				EEC7C8762373336400129923 /* Data.swift */,
				EEC7C8772373336400129923 /* UserData.swift */,
				EEC7C8782373336400129923 /* Hike.swift */,
				EEC7C8792373336400129923 /* Landmark.swift */,
			);
			path = Models;
			sourceTree = "<group>";
		};
		EEC7C88F2373343D00129923 /* Resources */ = {
			isa = PBXGroup;
			children = (
				EEC7C8902373343D00129923 /* charleyrivers.jpg */,
				EEC7C8912373343D00129923 /* turtlerock.jpg */,
				EEBC4E5F237338BD008FF5AA /* chishiki.jpg */,
				EEC7C8922373343D00129923 /* silversalmoncreek.jpg */,
				EEC7C8932373343D00129923 /* hikeData.json */,
				EEC7C8942373343D00129923 /* icybay.jpg */,
				EEC7C8952373343D00129923 /* lakemcdonald.jpg */,
				EEC7C8962373343D00129923 /* hiddenlake.jpg */,
				EEC7C8972373343D00129923 /* twinlake.jpg */,
				EEC7C8982373343D00129923 /* umbagog.jpg */,
				EEC7C8992373343D00129923 /* landmarkData.json */,
				EEC7C89A2373343D00129923 /* chincoteague.jpg */,
				EEC7C89B2373343D00129923 /* stmarylake.jpg */,
				EEC7C89C2373343D00129923 /* chilkoottrail.jpg */,
				EEC7C89D2373343D00129923 /* rainbowlake.jpg */,
			);
			path = Resources;
			sourceTree = "<group>";
		};
		EECB84802361391B00D3BFE9 = {
			isa = PBXGroup;
			children = (
				EECB848B2361391C00D3BFE9 /* antisiPhone */,
				EECB84A22361391D00D3BFE9 /* antisiPhoneTests */,
				EECB84AD2361391D00D3BFE9 /* antisiPhoneUITests */,
				EECB848A2361391C00D3BFE9 /* Products */,
			);
			sourceTree = "<group>";
		};
		EECB848A2361391C00D3BFE9 /* Products */ = {
			isa = PBXGroup;
			children = (
				EECB84892361391C00D3BFE9 /* antisiPhone.app */,
				EECB849F2361391D00D3BFE9 /* antisiPhoneTests.xctest */,
				EECB84AA2361391D00D3BFE9 /* antisiPhoneUITests.xctest */,
			);
			name = Products;
			sourceTree = "<group>";
		};
		EECB848B2361391C00D3BFE9 /* antisiPhone */ = {
			isa = PBXGroup;
			children = (
				EEC7C87C2373336400129923 /* HexagonParameters.swift */,
				EEC7C87B2373336400129923 /* HikeDetail.swift */,
				EEC7C87A2373336400129923 /* LandmarkDetail.swift */,
				EEC7C86A2373336400129923 /* LandmarkList.swift */,
				EEC7C88F2373343D00129923 /* Resources */,
				EEC7C8752373336400129923 /* Models */,
				EEC7C86B2373336400129923 /* Supporting Views */,
				EECB848C2361391C00D3BFE9 /* AppDelegate.swift */,
				EECB848E2361391C00D3BFE9 /* SceneDelegate.swift */,
				EECB84902361391C00D3BFE9 /* ContentView.swift */,
				EECB84922361391D00D3BFE9 /* Assets.xcassets */,
				EECB84972361391D00D3BFE9 /* LaunchScreen.storyboard */,
				EE06AFF92372084D0049C733 /* sleep.png */,
				EECB849A2361391D00D3BFE9 /* Info.plist */,
				EECB84942361391D00D3BFE9 /* Preview Content */,
				EE47EAE3236A822B0027C78E /* InfoView.swift */,
				EE47EAE5236A84B00027C78E /* MainView.swift */,
				EE5D1C2D236DEA380068A836 /* NewsBoxIView.swift */,
				EE5D1C2F236E75D20068A836 /* HostingController.swift */,
				EE5D1C31236EE2130068A836 /* AnimationView.swift */,
				EE642EF1237342D1008E333A /* HIkeView.swift */,
				EE642EF323734538008E333A /* InfoDetailView.swift */,
				EE5B2EDE2373DB8F005715FE /* MiddleView.swift */,
				EE5B2EE02373DCF5005715FE /* CashView.swift */,
				EE5B2EE22373E490005715FE /* SmallBoxView.swift */,
				EE5B2EE42373EFC0005715FE /* CreditView.swift */,
			);
			path = antisiPhone;
			sourceTree = "<group>";
		};
		EECB84942361391D00D3BFE9 /* Preview Content */ = {
			isa = PBXGroup;
			children = (
				EECB84952361391D00D3BFE9 /* Preview Assets.xcassets */,
			);
			path = "Preview Content";
			sourceTree = "<group>";
		};
		EECB84A22361391D00D3BFE9 /* antisiPhoneTests */ = {
			isa = PBXGroup;
			children = (
				EECB84A32361391D00D3BFE9 /* antisiPhoneTests.swift */,
				EECB84A52361391D00D3BFE9 /* Info.plist */,
			);
			path = antisiPhoneTests;
			sourceTree = "<group>";
		};
		EECB84AD2361391D00D3BFE9 /* antisiPhoneUITests */ = {
			isa = PBXGroup;
			children = (
				EECB84AE2361391D00D3BFE9 /* antisiPhoneUITests.swift */,
				EECB84B02361391D00D3BFE9 /* Info.plist */,
			);
			path = antisiPhoneUITests;
			sourceTree = "<group>";
		};
/* End PBXGroup section */

/* Begin PBXNativeTarget section */
		EECB84882361391B00D3BFE9 /* antisiPhone */ = {
			isa = PBXNativeTarget;
			buildConfigurationList = EECB84B32361391D00D3BFE9 /* Build configuration list for PBXNativeTarget "antisiPhone" */;
			buildPhases = (
				EECB84852361391B00D3BFE9 /* Sources */,
				EECB84862361391B00D3BFE9 /* Frameworks */,
				EECB84872361391B00D3BFE9 /* Resources */,
			);
			buildRules = (
			);
			dependencies = (
			);
			name = antisiPhone;
			packageProductDependencies = (
				EEE47DD82371AAF7007E86E5 /* ModalView */,
			);
			productName = antisiPhone;
			productReference = EECB84892361391C00D3BFE9 /* antisiPhone.app */;
			productType = "com.apple.product-type.application";
		};
		EECB849E2361391D00D3BFE9 /* antisiPhoneTests */ = {
			isa = PBXNativeTarget;
			buildConfigurationList = EECB84B62361391D00D3BFE9 /* Build configuration list for PBXNativeTarget "antisiPhoneTests" */;
			buildPhases = (
				EECB849B2361391D00D3BFE9 /* Sources */,
				EECB849C2361391D00D3BFE9 /* Frameworks */,
				EECB849D2361391D00D3BFE9 /* Resources */,
			);
			buildRules = (
			);
			dependencies = (
				EECB84A12361391D00D3BFE9 /* PBXTargetDependency */,
			);
			name = antisiPhoneTests;
			productName = antisiPhoneTests;
			productReference = EECB849F2361391D00D3BFE9 /* antisiPhoneTests.xctest */;
			productType = "com.apple.product-type.bundle.unit-test";
		};
		EECB84A92361391D00D3BFE9 /* antisiPhoneUITests */ = {
			isa = PBXNativeTarget;
			buildConfigurationList = EECB84B92361391D00D3BFE9 /* Build configuration list for PBXNativeTarget "antisiPhoneUITests" */;
			buildPhases = (
				EECB84A62361391D00D3BFE9 /* Sources */,
				EECB84A72361391D00D3BFE9 /* Frameworks */,
				EECB84A82361391D00D3BFE9 /* Resources */,
			);
			buildRules = (
			);
			dependencies = (
				EECB84AC2361391D00D3BFE9 /* PBXTargetDependency */,
			);
			name = antisiPhoneUITests;
			productName = antisiPhoneUITests;
			productReference = EECB84AA2361391D00D3BFE9 /* antisiPhoneUITests.xctest */;
			productType = "com.apple.product-type.bundle.ui-testing";
		};
/* End PBXNativeTarget section */

/* Begin PBXProject section */
		EECB84812361391B00D3BFE9 /* Project object */ = {
			isa = PBXProject;
			attributes = {
				LastSwiftUpdateCheck = 1110;
				LastUpgradeCheck = 1110;
				ORGANIZATIONNAME = factorialn;
				TargetAttributes = {
					EECB84882361391B00D3BFE9 = {
						CreatedOnToolsVersion = 11.1;
					};
					EECB849E2361391D00D3BFE9 = {
						CreatedOnToolsVersion = 11.1;
						TestTargetID = EECB84882361391B00D3BFE9;
					};
					EECB84A92361391D00D3BFE9 = {
						CreatedOnToolsVersion = 11.1;
						TestTargetID = EECB84882361391B00D3BFE9;
					};
				};
			};
			buildConfigurationList = EECB84842361391B00D3BFE9 /* Build configuration list for PBXProject "antisiPhone" */;
			compatibilityVersion = "Xcode 9.3";
			developmentRegion = en;
			hasScannedForEncodings = 0;
			knownRegions = (
				en,
				Base,
			);
			mainGroup = EECB84802361391B00D3BFE9;
			packageReferences = (
				EEE47DD72371AAF7007E86E5 /* XCRemoteSwiftPackageReference "modal-view" */,
			);
			productRefGroup = EECB848A2361391C00D3BFE9 /* Products */;
			projectDirPath = "";
			projectRoot = "";
			targets = (
				EECB84882361391B00D3BFE9 /* antisiPhone */,
				EECB849E2361391D00D3BFE9 /* antisiPhoneTests */,
				EECB84A92361391D00D3BFE9 /* antisiPhoneUITests */,
			);
		};
/* End PBXProject section */

/* Begin PBXResourcesBuildPhase section */
		EECB84872361391B00D3BFE9 /* Resources */ = {
			isa = PBXResourcesBuildPhase;
			buildActionMask = 2147483647;
			files = (
				EEC7C8A12373343D00129923 /* hikeData.json in Resources */,
				EEC7C89E2373343D00129923 /* charleyrivers.jpg in Resources */,
				EEC7C8A62373343D00129923 /* umbagog.jpg in Resources */,
				EECB84992361391D00D3BFE9 /* LaunchScreen.storyboard in Resources */,
				EEBC4E60237338BD008FF5AA /* chishiki.jpg in Resources */,
				EEC7C89F2373343D00129923 /* turtlerock.jpg in Resources */,
				EE06AFFA2372084D0049C733 /* sleep.png in Resources */,
				EEC7C8A42373343D00129923 /* hiddenlake.jpg in Resources */,
				EEC7C8AB2373343E00129923 /* rainbowlake.jpg in Resources */,
				EEC7C8A52373343D00129923 /* twinlake.jpg in Resources */,
				EEC7C8A02373343D00129923 /* silversalmoncreek.jpg in Resources */,
				EEC7C8A82373343E00129923 /* chincoteague.jpg in Resources */,
				EEC7C8A92373343E00129923 /* stmarylake.jpg in Resources */,
				EEC7C8AA2373343E00129923 /* chilkoottrail.jpg in Resources */,
				EEC7C8A72373343D00129923 /* landmarkData.json in Resources */,
				EEC7C8A32373343D00129923 /* lakemcdonald.jpg in Resources */,
				EECB84962361391D00D3BFE9 /* Preview Assets.xcassets in Resources */,
				EEC7C8A22373343D00129923 /* icybay.jpg in Resources */,
				EECB84932361391D00D3BFE9 /* Assets.xcassets in Resources */,
			);
			runOnlyForDeploymentPostprocessing = 0;
		};
		EECB849D2361391D00D3BFE9 /* Resources */ = {
			isa = PBXResourcesBuildPhase;
			buildActionMask = 2147483647;
			files = (
			);
			runOnlyForDeploymentPostprocessing = 0;
		};
		EECB84A82361391D00D3BFE9 /* Resources */ = {
			isa = PBXResourcesBuildPhase;
			buildActionMask = 2147483647;
			files = (
			);
			runOnlyForDeploymentPostprocessing = 0;
		};
/* End PBXResourcesBuildPhase section */

/* Begin PBXSourcesBuildPhase section */
		EECB84852361391B00D3BFE9 /* Sources */ = {
			isa = PBXSourcesBuildPhase;
			buildActionMask = 2147483647;
			files = (
				EE47EAE4236A822B0027C78E /* InfoView.swift in Sources */,
				EEC7C8802373336400129923 /* HikeGraph.swift in Sources */,
				EE5D1C32236EE2130068A836 /* AnimationView.swift in Sources */,
				EE5D1C2E236DEA380068A836 /* NewsBoxIView.swift in Sources */,
				EEC7C88C2373336400129923 /* LandmarkDetail.swift in Sources */,
				EEC7C88A2373336400129923 /* Hike.swift in Sources */,
				EE642EF423734538008E333A /* InfoDetailView.swift in Sources */,
				EECB848D2361391C00D3BFE9 /* AppDelegate.swift in Sources */,
				EEC7C8842373336400129923 /* BadgeSymbol.swift in Sources */,
				EEC7C88D2373336400129923 /* HikeDetail.swift in Sources */,
				EE5B2EE12373DCF5005715FE /* CashView.swift in Sources */,
				EECB848F2361391C00D3BFE9 /* SceneDelegate.swift in Sources */,
				EEC7C8862373336400129923 /* LandmarkRow.swift in Sources */,
				EEC7C8892373336400129923 /* UserData.swift in Sources */,
				EEC7C8822373336400129923 /* MapView.swift in Sources */,
				EE642EF2237342D1008E333A /* HIkeView.swift in Sources */,
				EEC7C87F2373336400129923 /* GraphCapsule.swift in Sources */,
				EEC7C8882373336400129923 /* Data.swift in Sources */,
				EE5B2EE52373EFC0005715FE /* CreditView.swift in Sources */,
				EE5D1C30236E75D20068A836 /* HostingController.swift in Sources */,
				EE47EAE6236A84B00027C78E /* MainView.swift in Sources */,
				EEC7C88B2373336400129923 /* Landmark.swift in Sources */,
				EEC7C8812373336400129923 /* RotatedBadgeSymbol.swift in Sources */,
				EE5B2EE32373E490005715FE /* SmallBoxView.swift in Sources */,
				EECB84912361391C00D3BFE9 /* ContentView.swift in Sources */,
				EEC7C87E2373336400129923 /* LandmarkList.swift in Sources */,
				EEC7C88E2373336400129923 /* HexagonParameters.swift in Sources */,
				EEC7C8832373336400129923 /* CircleImage.swift in Sources */,
				EE5B2EDF2373DB8F005715FE /* MiddleView.swift in Sources */,
				EEC7C8852373336400129923 /* BadgeBackground.swift in Sources */,
				EEC7C8872373336400129923 /* Badge.swift in Sources */,
			);
			runOnlyForDeploymentPostprocessing = 0;
		};
		EECB849B2361391D00D3BFE9 /* Sources */ = {
			isa = PBXSourcesBuildPhase;
			buildActionMask = 2147483647;
			files = (
				EECB84A42361391D00D3BFE9 /* antisiPhoneTests.swift in Sources */,
			);
			runOnlyForDeploymentPostprocessing = 0;
		};
		EECB84A62361391D00D3BFE9 /* Sources */ = {
			isa = PBXSourcesBuildPhase;
			buildActionMask = 2147483647;
			files = (
				EECB84AF2361391D00D3BFE9 /* antisiPhoneUITests.swift in Sources */,
			);
			runOnlyForDeploymentPostprocessing = 0;
		};
/* End PBXSourcesBuildPhase section */

/* Begin PBXTargetDependency section */
		EECB84A12361391D00D3BFE9 /* PBXTargetDependency */ = {
			isa = PBXTargetDependency;
			target = EECB84882361391B00D3BFE9 /* antisiPhone */;
			targetProxy = EECB84A02361391D00D3BFE9 /* PBXContainerItemProxy */;
		};
		EECB84AC2361391D00D3BFE9 /* PBXTargetDependency */ = {
			isa = PBXTargetDependency;
			target = EECB84882361391B00D3BFE9 /* antisiPhone */;
			targetProxy = EECB84AB2361391D00D3BFE9 /* PBXContainerItemProxy */;
		};
/* End PBXTargetDependency section */

/* Begin PBXVariantGroup section */
		EECB84972361391D00D3BFE9 /* LaunchScreen.storyboard */ = {
			isa = PBXVariantGroup;
			children = (
				EECB84982361391D00D3BFE9 /* Base */,
			);
			name = LaunchScreen.storyboard;
			sourceTree = "<group>";
		};
/* End PBXVariantGroup section */

/* Begin XCBuildConfiguration section */
		EECB84B12361391D00D3BFE9 /* Debug */ = {
			isa = XCBuildConfiguration;
			buildSettings = {
				ALWAYS_SEARCH_USER_PATHS = NO;
				CLANG_ANALYZER_NONNULL = YES;
				CLANG_ANALYZER_NUMBER_OBJECT_CONVERSION = YES_AGGRESSIVE;
				CLANG_CXX_LANGUAGE_STANDARD = "gnu++14";
				CLANG_CXX_LIBRARY = "libc++";
				CLANG_ENABLE_MODULES = YES;
				CLANG_ENABLE_OBJC_ARC = YES;
				CLANG_ENABLE_OBJC_WEAK = YES;
				CLANG_WARN_BLOCK_CAPTURE_AUTORELEASING = YES;
				CLANG_WARN_BOOL_CONVERSION = YES;
				CLANG_WARN_COMMA = YES;
				CLANG_WARN_CONSTANT_CONVERSION = YES;
				CLANG_WARN_DEPRECATED_OBJC_IMPLEMENTATIONS = YES;
				CLANG_WARN_DIRECT_OBJC_ISA_USAGE = YES_ERROR;
				CLANG_WARN_DOCUMENTATION_COMMENTS = YES;
				CLANG_WARN_EMPTY_BODY = YES;
				CLANG_WARN_ENUM_CONVERSION = YES;
				CLANG_WARN_INFINITE_RECURSION = YES;
				CLANG_WARN_INT_CONVERSION = YES;
				CLANG_WARN_NON_LITERAL_NULL_CONVERSION = YES;
				CLANG_WARN_OBJC_IMPLICIT_RETAIN_SELF = YES;
				CLANG_WARN_OBJC_LITERAL_CONVERSION = YES;
				CLANG_WARN_OBJC_ROOT_CLASS = YES_ERROR;
				CLANG_WARN_RANGE_LOOP_ANALYSIS = YES;
				CLANG_WARN_STRICT_PROTOTYPES = YES;
				CLANG_WARN_SUSPICIOUS_MOVE = YES;
				CLANG_WARN_UNGUARDED_AVAILABILITY = YES_AGGRESSIVE;
				CLANG_WARN_UNREACHABLE_CODE = YES;
				CLANG_WARN__DUPLICATE_METHOD_MATCH = YES;
				COPY_PHASE_STRIP = NO;
				DEBUG_INFORMATION_FORMAT = dwarf;
				ENABLE_STRICT_OBJC_MSGSEND = YES;
				ENABLE_TESTABILITY = YES;
				GCC_C_LANGUAGE_STANDARD = gnu11;
				GCC_DYNAMIC_NO_PIC = NO;
				GCC_NO_COMMON_BLOCKS = YES;
				GCC_OPTIMIZATION_LEVEL = 0;
				GCC_PREPROCESSOR_DEFINITIONS = (
					"DEBUG=1",
					"$(inherited)",
				);
				GCC_WARN_64_TO_32_BIT_CONVERSION = YES;
				GCC_WARN_ABOUT_RETURN_TYPE = YES_ERROR;
				GCC_WARN_UNDECLARED_SELECTOR = YES;
				GCC_WARN_UNINITIALIZED_AUTOS = YES_AGGRESSIVE;
				GCC_WARN_UNUSED_FUNCTION = YES;
				GCC_WARN_UNUSED_VARIABLE = YES;
				IPHONEOS_DEPLOYMENT_TARGET = 13.1;
				MTL_ENABLE_DEBUG_INFO = INCLUDE_SOURCE;
				MTL_FAST_MATH = YES;
				ONLY_ACTIVE_ARCH = YES;
				SDKROOT = iphoneos;
				SWIFT_ACTIVE_COMPILATION_CONDITIONS = DEBUG;
				SWIFT_OPTIMIZATION_LEVEL = "-Onone";
			};
			name = Debug;
		};
		EECB84B22361391D00D3BFE9 /* Release */ = {
			isa = XCBuildConfiguration;
			buildSettings = {
				ALWAYS_SEARCH_USER_PATHS = NO;
				CLANG_ANALYZER_NONNULL = YES;
				CLANG_ANALYZER_NUMBER_OBJECT_CONVERSION = YES_AGGRESSIVE;
				CLANG_CXX_LANGUAGE_STANDARD = "gnu++14";
				CLANG_CXX_LIBRARY = "libc++";
				CLANG_ENABLE_MODULES = YES;
				CLANG_ENABLE_OBJC_ARC = YES;
				CLANG_ENABLE_OBJC_WEAK = YES;
				CLANG_WARN_BLOCK_CAPTURE_AUTORELEASING = YES;
				CLANG_WARN_BOOL_CONVERSION = YES;
				CLANG_WARN_COMMA = YES;
				CLANG_WARN_CONSTANT_CONVERSION = YES;
				CLANG_WARN_DEPRECATED_OBJC_IMPLEMENTATIONS = YES;
				CLANG_WARN_DIRECT_OBJC_ISA_USAGE = YES_ERROR;
				CLANG_WARN_DOCUMENTATION_COMMENTS = YES;
				CLANG_WARN_EMPTY_BODY = YES;
				CLANG_WARN_ENUM_CONVERSION = YES;
				CLANG_WARN_INFINITE_RECURSION = YES;
				CLANG_WARN_INT_CONVERSION = YES;
				CLANG_WARN_NON_LITERAL_NULL_CONVERSION = YES;
				CLANG_WARN_OBJC_IMPLICIT_RETAIN_SELF = YES;
				CLANG_WARN_OBJC_LITERAL_CONVERSION = YES;
				CLANG_WARN_OBJC_ROOT_CLASS = YES_ERROR;
				CLANG_WARN_RANGE_LOOP_ANALYSIS = YES;
				CLANG_WARN_STRICT_PROTOTYPES = YES;
				CLANG_WARN_SUSPICIOUS_MOVE = YES;
				CLANG_WARN_UNGUARDED_AVAILABILITY = YES_AGGRESSIVE;
				CLANG_WARN_UNREACHABLE_CODE = YES;
				CLANG_WARN__DUPLICATE_METHOD_MATCH = YES;
				COPY_PHASE_STRIP = NO;
				DEBUG_INFORMATION_FORMAT = "dwarf-with-dsym";
				ENABLE_NS_ASSERTIONS = NO;
				ENABLE_STRICT_OBJC_MSGSEND = YES;
				GCC_C_LANGUAGE_STANDARD = gnu11;
				GCC_NO_COMMON_BLOCKS = YES;
				GCC_WARN_64_TO_32_BIT_CONVERSION = YES;
				GCC_WARN_ABOUT_RETURN_TYPE = YES_ERROR;
				GCC_WARN_UNDECLARED_SELECTOR = YES;
				GCC_WARN_UNINITIALIZED_AUTOS = YES_AGGRESSIVE;
				GCC_WARN_UNUSED_FUNCTION = YES;
				GCC_WARN_UNUSED_VARIABLE = YES;
				IPHONEOS_DEPLOYMENT_TARGET = 13.1;
				MTL_ENABLE_DEBUG_INFO = NO;
				MTL_FAST_MATH = YES;
				SDKROOT = iphoneos;
				SWIFT_COMPILATION_MODE = wholemodule;
				SWIFT_OPTIMIZATION_LEVEL = "-O";
				VALIDATE_PRODUCT = YES;
			};
			name = Release;
		};
		EECB84B42361391D00D3BFE9 /* Debug */ = {
			isa = XCBuildConfiguration;
			buildSettings = {
				ASSETCATALOG_COMPILER_APPICON_NAME = AppIcon;
				CODE_SIGN_STYLE = Automatic;
				DEVELOPMENT_ASSET_PATHS = "\"antisiPhone/Preview Content\"";
				DEVELOPMENT_TEAM = P884AD35QX;
				ENABLE_PREVIEWS = YES;
				INFOPLIST_FILE = antisiPhone/Info.plist;
				LD_RUNPATH_SEARCH_PATHS = (
					"$(inherited)",
					"@executable_path/Frameworks",
				);
				PRODUCT_BUNDLE_IDENTIFIER = FactorialN.antisiPhone;
				PRODUCT_NAME = "$(TARGET_NAME)";
				SWIFT_VERSION = 5.0;
				TARGETED_DEVICE_FAMILY = "1,2";
			};
			name = Debug;
		};
		EECB84B52361391D00D3BFE9 /* Release */ = {
			isa = XCBuildConfiguration;
			buildSettings = {
				ASSETCATALOG_COMPILER_APPICON_NAME = AppIcon;
				CODE_SIGN_STYLE = Automatic;
				DEVELOPMENT_ASSET_PATHS = "\"antisiPhone/Preview Content\"";
				DEVELOPMENT_TEAM = P884AD35QX;
				ENABLE_PREVIEWS = YES;
				INFOPLIST_FILE = antisiPhone/Info.plist;
				LD_RUNPATH_SEARCH_PATHS = (
					"$(inherited)",
					"@executable_path/Frameworks",
				);
				PRODUCT_BUNDLE_IDENTIFIER = FactorialN.antisiPhone;
				PRODUCT_NAME = "$(TARGET_NAME)";
				SWIFT_VERSION = 5.0;
				TARGETED_DEVICE_FAMILY = "1,2";
			};
			name = Release;
		};
		EECB84B72361391D00D3BFE9 /* Debug */ = {
			isa = XCBuildConfiguration;
			buildSettings = {
				ALWAYS_EMBED_SWIFT_STANDARD_LIBRARIES = YES;
				BUNDLE_LOADER = "$(TEST_HOST)";
				CODE_SIGN_STYLE = Automatic;
				DEVELOPMENT_TEAM = P884AD35QX;
				INFOPLIST_FILE = antisiPhoneTests/Info.plist;
				IPHONEOS_DEPLOYMENT_TARGET = 13.1;
				LD_RUNPATH_SEARCH_PATHS = (
					"$(inherited)",
					"@executable_path/Frameworks",
					"@loader_path/Frameworks",
				);
				PRODUCT_BUNDLE_IDENTIFIER = FactorialN.antisiPhoneTests;
				PRODUCT_NAME = "$(TARGET_NAME)";
				SWIFT_VERSION = 5.0;
				TARGETED_DEVICE_FAMILY = "1,2";
				TEST_HOST = "$(BUILT_PRODUCTS_DIR)/antisiPhone.app/antisiPhone";
			};
			name = Debug;
		};
		EECB84B82361391D00D3BFE9 /* Release */ = {
			isa = XCBuildConfiguration;
			buildSettings = {
				ALWAYS_EMBED_SWIFT_STANDARD_LIBRARIES = YES;
				BUNDLE_LOADER = "$(TEST_HOST)";
				CODE_SIGN_STYLE = Automatic;
				DEVELOPMENT_TEAM = P884AD35QX;
				INFOPLIST_FILE = antisiPhoneTests/Info.plist;
				IPHONEOS_DEPLOYMENT_TARGET = 13.1;
				LD_RUNPATH_SEARCH_PATHS = (
					"$(inherited)",
					"@executable_path/Frameworks",
					"@loader_path/Frameworks",
				);
				PRODUCT_BUNDLE_IDENTIFIER = FactorialN.antisiPhoneTests;
				PRODUCT_NAME = "$(TARGET_NAME)";
				SWIFT_VERSION = 5.0;
				TARGETED_DEVICE_FAMILY = "1,2";
				TEST_HOST = "$(BUILT_PRODUCTS_DIR)/antisiPhone.app/antisiPhone";
			};
			name = Release;
		};
		EECB84BA2361391D00D3BFE9 /* Debug */ = {
			isa = XCBuildConfiguration;
			buildSettings = {
				ALWAYS_EMBED_SWIFT_STANDARD_LIBRARIES = YES;
				CODE_SIGN_STYLE = Automatic;
				DEVELOPMENT_TEAM = P884AD35QX;
				INFOPLIST_FILE = antisiPhoneUITests/Info.plist;
				LD_RUNPATH_SEARCH_PATHS = (
					"$(inherited)",
					"@executable_path/Frameworks",
					"@loader_path/Frameworks",
				);
				PRODUCT_BUNDLE_IDENTIFIER = FactorialN.antisiPhoneUITests;
				PRODUCT_NAME = "$(TARGET_NAME)";
				SWIFT_VERSION = 5.0;
				TARGETED_DEVICE_FAMILY = "1,2";
				TEST_TARGET_NAME = antisiPhone;
			};
			name = Debug;
		};
		EECB84BB2361391D00D3BFE9 /* Release */ = {
			isa = XCBuildConfiguration;
			buildSettings = {
				ALWAYS_EMBED_SWIFT_STANDARD_LIBRARIES = YES;
				CODE_SIGN_STYLE = Automatic;
				DEVELOPMENT_TEAM = P884AD35QX;
				INFOPLIST_FILE = antisiPhoneUITests/Info.plist;
				LD_RUNPATH_SEARCH_PATHS = (
					"$(inherited)",
					"@executable_path/Frameworks",
					"@loader_path/Frameworks",
				);
				PRODUCT_BUNDLE_IDENTIFIER = FactorialN.antisiPhoneUITests;
				PRODUCT_NAME = "$(TARGET_NAME)";
				SWIFT_VERSION = 5.0;
				TARGETED_DEVICE_FAMILY = "1,2";
				TEST_TARGET_NAME = antisiPhone;
			};
			name = Release;
		};
/* End XCBuildConfiguration section */

/* Begin XCConfigurationList section */
		EECB84842361391B00D3BFE9 /* Build configuration list for PBXProject "antisiPhone" */ = {
			isa = XCConfigurationList;
			buildConfigurations = (
				EECB84B12361391D00D3BFE9 /* Debug */,
				EECB84B22361391D00D3BFE9 /* Release */,
			);
			defaultConfigurationIsVisible = 0;
			defaultConfigurationName = Release;
		};
		EECB84B32361391D00D3BFE9 /* Build configuration list for PBXNativeTarget "antisiPhone" */ = {
			isa = XCConfigurationList;
			buildConfigurations = (
				EECB84B42361391D00D3BFE9 /* Debug */,
				EECB84B52361391D00D3BFE9 /* Release */,
			);
			defaultConfigurationIsVisible = 0;
			defaultConfigurationName = Release;
		};
		EECB84B62361391D00D3BFE9 /* Build configuration list for PBXNativeTarget "antisiPhoneTests" */ = {
			isa = XCConfigurationList;
			buildConfigurations = (
				EECB84B72361391D00D3BFE9 /* Debug */,
				EECB84B82361391D00D3BFE9 /* Release */,
			);
			defaultConfigurationIsVisible = 0;
			defaultConfigurationName = Release;
		};
		EECB84B92361391D00D3BFE9 /* Build configuration list for PBXNativeTarget "antisiPhoneUITests" */ = {
			isa = XCConfigurationList;
			buildConfigurations = (
				EECB84BA2361391D00D3BFE9 /* Debug */,
				EECB84BB2361391D00D3BFE9 /* Release */,
			);
			defaultConfigurationIsVisible = 0;
			defaultConfigurationName = Release;
		};
/* End XCConfigurationList section */

/* Begin XCRemoteSwiftPackageReference section */
		EEE47DD72371AAF7007E86E5 /* XCRemoteSwiftPackageReference "modal-view" */ = {
			isa = XCRemoteSwiftPackageReference;
			repositoryURL = "https://github.com/diniska/modal-view";
			requirement = {
				branch = master;
				kind = branch;
			};
		};
/* End XCRemoteSwiftPackageReference section */

/* Begin XCSwiftPackageProductDependency section */
		EEE47DD82371AAF7007E86E5 /* ModalView */ = {
			isa = XCSwiftPackageProductDependency;
			package = EEE47DD72371AAF7007E86E5 /* XCRemoteSwiftPackageReference "modal-view" */;
			productName = ModalView;
		};
/* End XCSwiftPackageProductDependency section */
	};
	rootObject = EECB84812361391B00D3BFE9 /* Project object */;
}
